
Microsoft Visual Studio Solution File, Format Version 12.00
# Visual Studio Version 16
VisualStudioVersion = 16.0.32802.440
MinimumVisualStudioVersion = 10.0.40219.1
Project("{FAE04EC0-301F-11D3-BF4B-00C04F79EFBC}") = "APIC", "APIC.csproj", "{7B1A7CC7-8A69-44EC-913E-70F3AB7EDA98}"
EndProject
Global
	GlobalSection(SolutionConfigurationPlatforms) = preSolution
		Debug|Any CPU = Debug|Any CPU
		Release|Any CPU = Release|Any CPU
	EndGlobalSection
	GlobalSection(ProjectConfigurationPlatforms) = postSolution
		{7B1A7CC7-8A69-44EC-913E-70F3AB7EDA98}.Debug|Any CPU.ActiveCfg = Debug|Any CPU
		{7B1A7CC7-8A69-44EC-913E-70F3AB7EDA98}.Debug|Any CPU.Build.0 = Debug|Any CPU
		{7B1A7CC7-8A69-44EC-913E-70F3AB7EDA98}.Release|Any CPU.ActiveCfg = Release|Any CPU
		{7B1A7CC7-8A69-44EC-913E-70F3AB7EDA98}.Release|Any CPU.Build.0 = Release|Any CPU
	EndGlobalSection
	GlobalSection(SolutionProperties) = preSolution
		HideSolutionNode = FALSE
	EndGlobalSection
	GlobalSection(ExtensibilityGlobals) = postSolution
		SolutionGuid = {94BBBDD2-6235-4768-A9C7-030E8FED55B8}
	EndGlobalSection
EndGlobal
